
Microsoft Visual Studio Solution File, Format Version 12.00
# Visual Studio Version 17
VisualStudioVersion = 17.11.35312.102
MinimumVisualStudioVersion = 10.0.40219.1
Project("{FAE04EC0-301F-11D3-BF4B-00C04F79EFBC}") = "ProductsService", "ProductsService.csproj", "{9C32E421-1BE3-4A36-999B-222D64627B39}"
EndProject
Project("{FAE04EC0-301F-11D3-BF4B-00C04F79EFBC}") = "DomainModel", "..\DomainModel\DomainModel.csproj", "{8933DD77-B57A-4DF2-8227-9F7EB5C02549}"
EndProject
Global
	GlobalSection(SolutionConfigurationPlatforms) = preSolution
		Debug|Any CPU = Debug|Any CPU
		Release|Any CPU = Release|Any CPU
	EndGlobalSection
	GlobalSection(ProjectConfigurationPlatforms) = postSolution
		{9C32E421-1BE3-4A36-999B-222D64627B39}.Debug|Any CPU.ActiveCfg = Debug|Any CPU
		{9C32E421-1BE3-4A36-999B-222D64627B39}.Debug|Any CPU.Build.0 = Debug|Any CPU
		{9C32E421-1BE3-4A36-999B-222D64627B39}.Release|Any CPU.ActiveCfg = Release|Any CPU
		{9C32E421-1BE3-4A36-999B-222D64627B39}.Release|Any CPU.Build.0 = Release|Any CPU
		{8933DD77-B57A-4DF2-8227-9F7EB5C02549}.Debug|Any CPU.ActiveCfg = Debug|Any CPU
		{8933DD77-B57A-4DF2-8227-9F7EB5C02549}.Debug|Any CPU.Build.0 = Debug|Any CPU
		{8933DD77-B57A-4DF2-8227-9F7EB5C02549}.Release|Any CPU.ActiveCfg = Release|Any CPU
		{8933DD77-B57A-4DF2-8227-9F7EB5C02549}.Release|Any CPU.Build.0 = Release|Any CPU
	EndGlobalSection
	GlobalSection(SolutionProperties) = preSolution
		HideSolutionNode = FALSE
	EndGlobalSection
	GlobalSection(ExtensibilityGlobals) = postSolution
		SolutionGuid = {640760D8-4226-4311-80F9-AB6F8122727F}
	EndGlobalSection
EndGlobal
